github.com/go-chi/chi/v5 v5.3.1 h1:3j4HZLGZQ3JpMCrPJF/Jl3mYJfWLKBfNJ6quurUGCf8=
github.com/go-chi/chi/v5 v5.3.1/go.mod h1:R+tYY2hNuVUUjxoPtqUdgBqevM9s9njzkTLutVsOCto=
github.com/ha1tch/minty v0.0.1 h1:wRgzodPwEu70L7xOJXbkdFDGvGbLBM5sMD3Zil0FRlg=
github.com/ha1tch/minty v0.0.1/go.mod h1:nOVSQmqT1VAjBiNIuN81elt4mM6auf8DXmpgcZHZhv8=
